
Microsoft Visual Studio Solution File, Format Version 12.00
# Visual Studio Version 17
VisualStudioVersion = 17.6.33723.286
MinimumVisualStudioVersion = 10.0.40219.1
Project("{F184B08F-C81C-45F6-A57F-5ABD9991F28F}") = "T13_RianSyaputraAinunNaim_2109106078_UAS", "T13_RianSyaputraAinunNaim_2109106078_UAS\T13_RianSyaputraAinunNaim_2109106078_UAS.vbproj", "{D17FD101-F312-4D3F-8245-712CCABC486C}"
EndProject
Global
	GlobalSection(SolutionConfigurationPlatforms) = preSolution
		Debug|Any CPU = Debug|Any CPU
		Release|Any CPU = Release|Any CPU
	EndGlobalSection
	GlobalSection(ProjectConfigurationPlatforms) = postSolution
		{D17FD101-F312-4D3F-8245-712CCABC486C}.Debug|Any CPU.ActiveCfg = Debug|Any CPU
		{D17FD101-F312-4D3F-8245-712CCABC486C}.Debug|Any CPU.Build.0 = Debug|Any CPU
		{D17FD101-F312-4D3F-8245-712CCABC486C}.Release|Any CPU.ActiveCfg = Release|Any CPU
		{D17FD101-F312-4D3F-8245-712CCABC486C}.Release|Any CPU.Build.0 = Release|Any CPU
	EndGlobalSection
	GlobalSection(SolutionProperties) = preSolution
		HideSolutionNode = FALSE
	EndGlobalSection
	GlobalSection(ExtensibilityGlobals) = postSolution
		SolutionGuid = {0031D075-A421-4BDF-8E64-99433FAD1604}
	EndGlobalSection
EndGlobal
